
Microsoft Visual Studio Solution File, Format Version 12.00
# Visual Studio Version 16
VisualStudioVersion = 16.0.31702.278
MinimumVisualStudioVersion = 10.0.40219.1
Project("{FAE04EC0-301F-11D3-BF4B-00C04F79EFBC}") = "Funciones16", "Funciones16.csproj", "{2DE76C17-C003-4639-A0B7-4EC5172B4ECC}"
EndProject
Global
	GlobalSection(SolutionConfigurationPlatforms) = preSolution
		Debug|Any CPU = Debug|Any CPU
		Release|Any CPU = Release|Any CPU
	EndGlobalSection
	GlobalSection(ProjectConfigurationPlatforms) = postSolution
		{2DE76C17-C003-4639-A0B7-4EC5172B4ECC}.Debug|Any CPU.ActiveCfg = Debug|Any CPU
		{2DE76C17-C003-4639-A0B7-4EC5172B4ECC}.Debug|Any CPU.Build.0 = Debug|Any CPU
		{2DE76C17-C003-4639-A0B7-4EC5172B4ECC}.Release|Any CPU.ActiveCfg = Release|Any CPU
		{2DE76C17-C003-4639-A0B7-4EC5172B4ECC}.Release|Any CPU.Build.0 = Release|Any CPU
	EndGlobalSection
	GlobalSection(SolutionProperties) = preSolution
		HideSolutionNode = FALSE
	EndGlobalSection
	GlobalSection(ExtensibilityGlobals) = postSolution
		SolutionGuid = {22585DFF-CFC7-49E1-9E51-CEAFF93364E4}
	EndGlobalSection
EndGlobal
