
Microsoft Visual Studio Solution File, Format Version 12.00
# Visual Studio Version 16
VisualStudioVersion = 16.0.31702.278
MinimumVisualStudioVersion = 10.0.40219.1
Project("{FAE04EC0-301F-11D3-BF4B-00C04F79EFBC}") = "EntregaFicherosRegistros", "EntregaFicherosRegistros.csproj", "{4A9A1C1A-3028-4993-91AC-626A4AB68703}"
EndProject
Global
	GlobalSection(SolutionConfigurationPlatforms) = preSolution
		Debug|Any CPU = Debug|Any CPU
		Release|Any CPU = Release|Any CPU
	EndGlobalSection
	GlobalSection(ProjectConfigurationPlatforms) = postSolution
		{4A9A1C1A-3028-4993-91AC-626A4AB68703}.Debug|Any CPU.ActiveCfg = Debug|Any CPU
		{4A9A1C1A-3028-4993-91AC-626A4AB68703}.Debug|Any CPU.Build.0 = Debug|Any CPU
		{4A9A1C1A-3028-4993-91AC-626A4AB68703}.Release|Any CPU.ActiveCfg = Release|Any CPU
		{4A9A1C1A-3028-4993-91AC-626A4AB68703}.Release|Any CPU.Build.0 = Release|Any CPU
	EndGlobalSection
	GlobalSection(SolutionProperties) = preSolution
		HideSolutionNode = FALSE
	EndGlobalSection
	GlobalSection(ExtensibilityGlobals) = postSolution
		SolutionGuid = {D0EA339E-EB6B-4FFC-A7AA-58D6FEE8C77F}
	EndGlobalSection
EndGlobal
