
Microsoft Visual Studio Solution File, Format Version 12.00
# Visual Studio Version 16
VisualStudioVersion = 16.0.31702.278
MinimumVisualStudioVersion = 10.0.40219.1
Project("{FAE04EC0-301F-11D3-BF4B-00C04F79EFBC}") = "Estructurada07", "Estructurada07.csproj", "{46339B96-E313-483D-8A86-9F2C57B65896}"
EndProject
Global
	GlobalSection(SolutionConfigurationPlatforms) = preSolution
		Debug|Any CPU = Debug|Any CPU
		Release|Any CPU = Release|Any CPU
	EndGlobalSection
	GlobalSection(ProjectConfigurationPlatforms) = postSolution
		{46339B96-E313-483D-8A86-9F2C57B65896}.Debug|Any CPU.ActiveCfg = Debug|Any CPU
		{46339B96-E313-483D-8A86-9F2C57B65896}.Debug|Any CPU.Build.0 = Debug|Any CPU
		{46339B96-E313-483D-8A86-9F2C57B65896}.Release|Any CPU.ActiveCfg = Release|Any CPU
		{46339B96-E313-483D-8A86-9F2C57B65896}.Release|Any CPU.Build.0 = Release|Any CPU
	EndGlobalSection
	GlobalSection(SolutionProperties) = preSolution
		HideSolutionNode = FALSE
	EndGlobalSection
	GlobalSection(ExtensibilityGlobals) = postSolution
		SolutionGuid = {E369CE7C-7E9E-4431-8BE9-568085403C39}
	EndGlobalSection
EndGlobal
