
Microsoft Visual Studio Solution File, Format Version 12.00
# Visual Studio Version 16
VisualStudioVersion = 16.0.31702.278
MinimumVisualStudioVersion = 10.0.40219.1
Project("{FAE04EC0-301F-11D3-BF4B-00C04F79EFBC}") = "Estructurada08", "Estructurada08.csproj", "{9BB52B30-0B75-4497-8475-9311F719EFB1}"
EndProject
Global
	GlobalSection(SolutionConfigurationPlatforms) = preSolution
		Debug|Any CPU = Debug|Any CPU
		Release|Any CPU = Release|Any CPU
	EndGlobalSection
	GlobalSection(ProjectConfigurationPlatforms) = postSolution
		{9BB52B30-0B75-4497-8475-9311F719EFB1}.Debug|Any CPU.ActiveCfg = Debug|Any CPU
		{9BB52B30-0B75-4497-8475-9311F719EFB1}.Debug|Any CPU.Build.0 = Debug|Any CPU
		{9BB52B30-0B75-4497-8475-9311F719EFB1}.Release|Any CPU.ActiveCfg = Release|Any CPU
		{9BB52B30-0B75-4497-8475-9311F719EFB1}.Release|Any CPU.Build.0 = Release|Any CPU
	EndGlobalSection
	GlobalSection(SolutionProperties) = preSolution
		HideSolutionNode = FALSE
	EndGlobalSection
	GlobalSection(ExtensibilityGlobals) = postSolution
		SolutionGuid = {A1B0672B-2324-4346-9015-F340CE066880}
	EndGlobalSection
EndGlobal
