
Microsoft Visual Studio Solution File, Format Version 12.00
# Visual Studio Version 16
VisualStudioVersion = 16.0.31702.278
MinimumVisualStudioVersion = 10.0.40219.1
Project("{FAE04EC0-301F-11D3-BF4B-00C04F79EFBC}") = "estrucuturada31", "estrucuturada31.csproj", "{678FC759-2DDD-4B63-920A-58A4248A7E48}"
EndProject
Global
	GlobalSection(SolutionConfigurationPlatforms) = preSolution
		Debug|Any CPU = Debug|Any CPU
		Release|Any CPU = Release|Any CPU
	EndGlobalSection
	GlobalSection(ProjectConfigurationPlatforms) = postSolution
		{678FC759-2DDD-4B63-920A-58A4248A7E48}.Debug|Any CPU.ActiveCfg = Debug|Any CPU
		{678FC759-2DDD-4B63-920A-58A4248A7E48}.Debug|Any CPU.Build.0 = Debug|Any CPU
		{678FC759-2DDD-4B63-920A-58A4248A7E48}.Release|Any CPU.ActiveCfg = Release|Any CPU
		{678FC759-2DDD-4B63-920A-58A4248A7E48}.Release|Any CPU.Build.0 = Release|Any CPU
	EndGlobalSection
	GlobalSection(SolutionProperties) = preSolution
		HideSolutionNode = FALSE
	EndGlobalSection
	GlobalSection(ExtensibilityGlobals) = postSolution
		SolutionGuid = {5D58AE20-7BEB-469E-8681-2E6C8BFB097F}
	EndGlobalSection
EndGlobal
