
Microsoft Visual Studio Solution File, Format Version 12.00
# Visual Studio Version 16
VisualStudioVersion = 16.0.31911.196
MinimumVisualStudioVersion = 10.0.40219.1
Project("{FAE04EC0-301F-11D3-BF4B-00C04F79EFBC}") = "ExplicacionFicheros", "ExplicacionFicheros.csproj", "{557B234D-5230-4D9D-9C67-0D35A6A3374D}"
EndProject
Global
	GlobalSection(SolutionConfigurationPlatforms) = preSolution
		Debug|Any CPU = Debug|Any CPU
		Release|Any CPU = Release|Any CPU
	EndGlobalSection
	GlobalSection(ProjectConfigurationPlatforms) = postSolution
		{557B234D-5230-4D9D-9C67-0D35A6A3374D}.Debug|Any CPU.ActiveCfg = Debug|Any CPU
		{557B234D-5230-4D9D-9C67-0D35A6A3374D}.Debug|Any CPU.Build.0 = Debug|Any CPU
		{557B234D-5230-4D9D-9C67-0D35A6A3374D}.Release|Any CPU.ActiveCfg = Release|Any CPU
		{557B234D-5230-4D9D-9C67-0D35A6A3374D}.Release|Any CPU.Build.0 = Release|Any CPU
	EndGlobalSection
	GlobalSection(SolutionProperties) = preSolution
		HideSolutionNode = FALSE
	EndGlobalSection
	GlobalSection(ExtensibilityGlobals) = postSolution
		SolutionGuid = {53C5C2AC-8F96-4852-84D8-4412153CA456}
	EndGlobalSection
EndGlobal
