
Microsoft Visual Studio Solution File, Format Version 12.00
# Visual Studio Version 16
VisualStudioVersion = 16.0.31702.278
MinimumVisualStudioVersion = 10.0.40219.1
Project("{FAE04EC0-301F-11D3-BF4B-00C04F79EFBC}") = "KowBattleReport", "KowBattleReport.csproj", "{68B764A4-4BF4-4B39-B168-62306CA5B940}"
EndProject
Global
	GlobalSection(SolutionConfigurationPlatforms) = preSolution
		Debug|Any CPU = Debug|Any CPU
		Release|Any CPU = Release|Any CPU
	EndGlobalSection
	GlobalSection(ProjectConfigurationPlatforms) = postSolution
		{68B764A4-4BF4-4B39-B168-62306CA5B940}.Debug|Any CPU.ActiveCfg = Debug|Any CPU
		{68B764A4-4BF4-4B39-B168-62306CA5B940}.Debug|Any CPU.Build.0 = Debug|Any CPU
		{68B764A4-4BF4-4B39-B168-62306CA5B940}.Release|Any CPU.ActiveCfg = Release|Any CPU
		{68B764A4-4BF4-4B39-B168-62306CA5B940}.Release|Any CPU.Build.0 = Release|Any CPU
	EndGlobalSection
	GlobalSection(SolutionProperties) = preSolution
		HideSolutionNode = FALSE
	EndGlobalSection
	GlobalSection(ExtensibilityGlobals) = postSolution
		SolutionGuid = {B344301F-FD43-4F9C-BB46-9733109A0CD1}
	EndGlobalSection
EndGlobal
