
Microsoft Visual Studio Solution File, Format Version 12.00
# Visual Studio Version 16
VisualStudioVersion = 16.0.31702.278
MinimumVisualStudioVersion = 10.0.40219.1
Project("{FAE04EC0-301F-11D3-BF4B-00C04F79EFBC}") = "IsNoteValid", "IsNoteValid.csproj", "{7039D55E-455C-47D4-8D3B-932EF8FB6A2F}"
EndProject
Global
	GlobalSection(SolutionConfigurationPlatforms) = preSolution
		Debug|Any CPU = Debug|Any CPU
		Release|Any CPU = Release|Any CPU
	EndGlobalSection
	GlobalSection(ProjectConfigurationPlatforms) = postSolution
		{7039D55E-455C-47D4-8D3B-932EF8FB6A2F}.Debug|Any CPU.ActiveCfg = Debug|Any CPU
		{7039D55E-455C-47D4-8D3B-932EF8FB6A2F}.Debug|Any CPU.Build.0 = Debug|Any CPU
		{7039D55E-455C-47D4-8D3B-932EF8FB6A2F}.Release|Any CPU.ActiveCfg = Release|Any CPU
		{7039D55E-455C-47D4-8D3B-932EF8FB6A2F}.Release|Any CPU.Build.0 = Release|Any CPU
	EndGlobalSection
	GlobalSection(SolutionProperties) = preSolution
		HideSolutionNode = FALSE
	EndGlobalSection
	GlobalSection(ExtensibilityGlobals) = postSolution
		SolutionGuid = {0BCE2746-256D-48D2-A8C9-7C49F8FF8D10}
	EndGlobalSection
EndGlobal
