
Microsoft Visual Studio Solution File, Format Version 12.00
# Visual Studio Version 16
VisualStudioVersion = 16.0.31702.278
MinimumVisualStudioVersion = 10.0.40219.1
Project("{FAE04EC0-301F-11D3-BF4B-00C04F79EFBC}") = "helloWorld", "helloWorld\helloWorld.csproj", "{AA34F9E3-AAFE-4B58-AFD6-88D92E02A26E}"
EndProject
Global
	GlobalSection(SolutionConfigurationPlatforms) = preSolution
		Debug|Any CPU = Debug|Any CPU
		Release|Any CPU = Release|Any CPU
	EndGlobalSection
	GlobalSection(ProjectConfigurationPlatforms) = postSolution
		{AA34F9E3-AAFE-4B58-AFD6-88D92E02A26E}.Debug|Any CPU.ActiveCfg = Debug|Any CPU
		{AA34F9E3-AAFE-4B58-AFD6-88D92E02A26E}.Debug|Any CPU.Build.0 = Debug|Any CPU
		{AA34F9E3-AAFE-4B58-AFD6-88D92E02A26E}.Release|Any CPU.ActiveCfg = Release|Any CPU
		{AA34F9E3-AAFE-4B58-AFD6-88D92E02A26E}.Release|Any CPU.Build.0 = Release|Any CPU
	EndGlobalSection
	GlobalSection(SolutionProperties) = preSolution
		HideSolutionNode = FALSE
	EndGlobalSection
	GlobalSection(ExtensibilityGlobals) = postSolution
		SolutionGuid = {9E7DE5BA-C091-477A-A32A-DF81C61BA64B}
	EndGlobalSection
EndGlobal
