
Microsoft Visual Studio Solution File, Format Version 12.00
# Visual Studio Version 16
VisualStudioVersion = 16.0.31702.278
MinimumVisualStudioVersion = 10.0.40219.1
Project("{FAE04EC0-301F-11D3-BF4B-00C04F79EFBC}") = "FuncionesAdicionales13", "FuncionesAdicionales13.csproj", "{1C7648C1-713A-4848-B636-724C960F8508}"
EndProject
Global
	GlobalSection(SolutionConfigurationPlatforms) = preSolution
		Debug|Any CPU = Debug|Any CPU
		Release|Any CPU = Release|Any CPU
	EndGlobalSection
	GlobalSection(ProjectConfigurationPlatforms) = postSolution
		{1C7648C1-713A-4848-B636-724C960F8508}.Debug|Any CPU.ActiveCfg = Debug|Any CPU
		{1C7648C1-713A-4848-B636-724C960F8508}.Debug|Any CPU.Build.0 = Debug|Any CPU
		{1C7648C1-713A-4848-B636-724C960F8508}.Release|Any CPU.ActiveCfg = Release|Any CPU
		{1C7648C1-713A-4848-B636-724C960F8508}.Release|Any CPU.Build.0 = Release|Any CPU
	EndGlobalSection
	GlobalSection(SolutionProperties) = preSolution
		HideSolutionNode = FALSE
	EndGlobalSection
	GlobalSection(ExtensibilityGlobals) = postSolution
		SolutionGuid = {8F2D490E-4B69-4455-A025-53D51133A51C}
	EndGlobalSection
EndGlobal
