
Microsoft Visual Studio Solution File, Format Version 12.00
# Visual Studio Version 16
VisualStudioVersion = 16.0.31702.278
MinimumVisualStudioVersion = 10.0.40219.1
Project("{FAE04EC0-301F-11D3-BF4B-00C04F79EFBC}") = "Estructurada02", "Estructurada02.csproj", "{81A80407-CA4D-478E-BE07-B818536305C4}"
EndProject
Global
	GlobalSection(SolutionConfigurationPlatforms) = preSolution
		Debug|Any CPU = Debug|Any CPU
		Release|Any CPU = Release|Any CPU
	EndGlobalSection
	GlobalSection(ProjectConfigurationPlatforms) = postSolution
		{81A80407-CA4D-478E-BE07-B818536305C4}.Debug|Any CPU.ActiveCfg = Debug|Any CPU
		{81A80407-CA4D-478E-BE07-B818536305C4}.Debug|Any CPU.Build.0 = Debug|Any CPU
		{81A80407-CA4D-478E-BE07-B818536305C4}.Release|Any CPU.ActiveCfg = Release|Any CPU
		{81A80407-CA4D-478E-BE07-B818536305C4}.Release|Any CPU.Build.0 = Release|Any CPU
	EndGlobalSection
	GlobalSection(SolutionProperties) = preSolution
		HideSolutionNode = FALSE
	EndGlobalSection
	GlobalSection(ExtensibilityGlobals) = postSolution
		SolutionGuid = {A8B37C87-E2B4-4269-8193-0BD91FE848AE}
	EndGlobalSection
EndGlobal
