
Microsoft Visual Studio Solution File, Format Version 12.00
# Visual Studio Version 16
VisualStudioVersion = 16.0.31729.503
MinimumVisualStudioVersion = 10.0.40219.1
Project("{FAE04EC0-301F-11D3-BF4B-00C04F79EFBC}") = "Explicacion Arrays", "Explicacion Arrays.csproj", "{30F13F40-5DC0-4D3D-B2D5-11D9D154FA61}"
EndProject
Global
	GlobalSection(SolutionConfigurationPlatforms) = preSolution
		Debug|Any CPU = Debug|Any CPU
		Release|Any CPU = Release|Any CPU
	EndGlobalSection
	GlobalSection(ProjectConfigurationPlatforms) = postSolution
		{30F13F40-5DC0-4D3D-B2D5-11D9D154FA61}.Debug|Any CPU.ActiveCfg = Debug|Any CPU
		{30F13F40-5DC0-4D3D-B2D5-11D9D154FA61}.Debug|Any CPU.Build.0 = Debug|Any CPU
		{30F13F40-5DC0-4D3D-B2D5-11D9D154FA61}.Release|Any CPU.ActiveCfg = Release|Any CPU
		{30F13F40-5DC0-4D3D-B2D5-11D9D154FA61}.Release|Any CPU.Build.0 = Release|Any CPU
	EndGlobalSection
	GlobalSection(SolutionProperties) = preSolution
		HideSolutionNode = FALSE
	EndGlobalSection
	GlobalSection(ExtensibilityGlobals) = postSolution
		SolutionGuid = {E9B988AD-3A7C-4D58-9BB3-4D502445A8BA}
	EndGlobalSection
EndGlobal
