
Microsoft Visual Studio Solution File, Format Version 12.00
# Visual Studio Version 16
VisualStudioVersion = 16.0.31911.196
MinimumVisualStudioVersion = 10.0.40219.1
Project("{FAE04EC0-301F-11D3-BF4B-00C04F79EFBC}") = "EntregaBinarios", "EntregaBinarios.csproj", "{D1251862-7FE1-4C65-9246-A74722D42658}"
EndProject
Global
	GlobalSection(SolutionConfigurationPlatforms) = preSolution
		Debug|Any CPU = Debug|Any CPU
		Release|Any CPU = Release|Any CPU
	EndGlobalSection
	GlobalSection(ProjectConfigurationPlatforms) = postSolution
		{D1251862-7FE1-4C65-9246-A74722D42658}.Debug|Any CPU.ActiveCfg = Debug|Any CPU
		{D1251862-7FE1-4C65-9246-A74722D42658}.Debug|Any CPU.Build.0 = Debug|Any CPU
		{D1251862-7FE1-4C65-9246-A74722D42658}.Release|Any CPU.ActiveCfg = Release|Any CPU
		{D1251862-7FE1-4C65-9246-A74722D42658}.Release|Any CPU.Build.0 = Release|Any CPU
	EndGlobalSection
	GlobalSection(SolutionProperties) = preSolution
		HideSolutionNode = FALSE
	EndGlobalSection
	GlobalSection(ExtensibilityGlobals) = postSolution
		SolutionGuid = {77884353-B640-43AB-87E7-0AA2BE5980E0}
	EndGlobalSection
EndGlobal
