
Microsoft Visual Studio Solution File, Format Version 12.00
# Visual Studio Version 16
VisualStudioVersion = 16.0.31702.278
MinimumVisualStudioVersion = 10.0.40219.1
Project("{FAE04EC0-301F-11D3-BF4B-00C04F79EFBC}") = "Estructurada09", "Estructurada09.csproj", "{55A7F078-7394-4CF4-8298-33C5C69D1343}"
EndProject
Global
	GlobalSection(SolutionConfigurationPlatforms) = preSolution
		Debug|Any CPU = Debug|Any CPU
		Release|Any CPU = Release|Any CPU
	EndGlobalSection
	GlobalSection(ProjectConfigurationPlatforms) = postSolution
		{55A7F078-7394-4CF4-8298-33C5C69D1343}.Debug|Any CPU.ActiveCfg = Debug|Any CPU
		{55A7F078-7394-4CF4-8298-33C5C69D1343}.Debug|Any CPU.Build.0 = Debug|Any CPU
		{55A7F078-7394-4CF4-8298-33C5C69D1343}.Release|Any CPU.ActiveCfg = Release|Any CPU
		{55A7F078-7394-4CF4-8298-33C5C69D1343}.Release|Any CPU.Build.0 = Release|Any CPU
	EndGlobalSection
	GlobalSection(SolutionProperties) = preSolution
		HideSolutionNode = FALSE
	EndGlobalSection
	GlobalSection(ExtensibilityGlobals) = postSolution
		SolutionGuid = {0EB4B719-C177-4686-94FC-C40B7FAE1323}
	EndGlobalSection
EndGlobal
