
Microsoft Visual Studio Solution File, Format Version 12.00
# Visual Studio Version 16
VisualStudioVersion = 16.0.31702.278
MinimumVisualStudioVersion = 10.0.40219.1
Project("{FAE04EC0-301F-11D3-BF4B-00C04F79EFBC}") = "estrucuturada28", "estrucuturada28.csproj", "{5E31CE30-B16F-4AEE-84F7-BE14860FA2D7}"
EndProject
Global
	GlobalSection(SolutionConfigurationPlatforms) = preSolution
		Debug|Any CPU = Debug|Any CPU
		Release|Any CPU = Release|Any CPU
	EndGlobalSection
	GlobalSection(ProjectConfigurationPlatforms) = postSolution
		{5E31CE30-B16F-4AEE-84F7-BE14860FA2D7}.Debug|Any CPU.ActiveCfg = Debug|Any CPU
		{5E31CE30-B16F-4AEE-84F7-BE14860FA2D7}.Debug|Any CPU.Build.0 = Debug|Any CPU
		{5E31CE30-B16F-4AEE-84F7-BE14860FA2D7}.Release|Any CPU.ActiveCfg = Release|Any CPU
		{5E31CE30-B16F-4AEE-84F7-BE14860FA2D7}.Release|Any CPU.Build.0 = Release|Any CPU
	EndGlobalSection
	GlobalSection(SolutionProperties) = preSolution
		HideSolutionNode = FALSE
	EndGlobalSection
	GlobalSection(ExtensibilityGlobals) = postSolution
		SolutionGuid = {AB463917-7024-40F3-BEE2-06AA3C0D5A02}
	EndGlobalSection
EndGlobal
