
Microsoft Visual Studio Solution File, Format Version 12.00
# Visual Studio Version 16
VisualStudioVersion = 16.0.31702.278
MinimumVisualStudioVersion = 10.0.40219.1
Project("{FAE04EC0-301F-11D3-BF4B-00C04F79EFBC}") = "CesiusToKelvinAndFarenheit", "CesiusToKelvinAndFarenheit.csproj", "{90401BE8-F92F-435E-8A97-B5C103702849}"
EndProject
Global
	GlobalSection(SolutionConfigurationPlatforms) = preSolution
		Debug|Any CPU = Debug|Any CPU
		Release|Any CPU = Release|Any CPU
	EndGlobalSection
	GlobalSection(ProjectConfigurationPlatforms) = postSolution
		{90401BE8-F92F-435E-8A97-B5C103702849}.Debug|Any CPU.ActiveCfg = Debug|Any CPU
		{90401BE8-F92F-435E-8A97-B5C103702849}.Debug|Any CPU.Build.0 = Debug|Any CPU
		{90401BE8-F92F-435E-8A97-B5C103702849}.Release|Any CPU.ActiveCfg = Release|Any CPU
		{90401BE8-F92F-435E-8A97-B5C103702849}.Release|Any CPU.Build.0 = Release|Any CPU
	EndGlobalSection
	GlobalSection(SolutionProperties) = preSolution
		HideSolutionNode = FALSE
	EndGlobalSection
	GlobalSection(ExtensibilityGlobals) = postSolution
		SolutionGuid = {E257FB96-334C-489B-BB7E-4FD10C3AF848}
	EndGlobalSection
EndGlobal
