
Microsoft Visual Studio Solution File, Format Version 12.00
# Visual Studio Version 16
VisualStudioVersion = 16.0.31702.278
MinimumVisualStudioVersion = 10.0.40219.1
Project("{FAE04EC0-301F-11D3-BF4B-00C04F79EFBC}") = "Estructurada03", "Estructurada03.csproj", "{07E38CFB-5976-43F1-9F74-70F44E8D2E31}"
EndProject
Global
	GlobalSection(SolutionConfigurationPlatforms) = preSolution
		Debug|Any CPU = Debug|Any CPU
		Release|Any CPU = Release|Any CPU
	EndGlobalSection
	GlobalSection(ProjectConfigurationPlatforms) = postSolution
		{07E38CFB-5976-43F1-9F74-70F44E8D2E31}.Debug|Any CPU.ActiveCfg = Debug|Any CPU
		{07E38CFB-5976-43F1-9F74-70F44E8D2E31}.Debug|Any CPU.Build.0 = Debug|Any CPU
		{07E38CFB-5976-43F1-9F74-70F44E8D2E31}.Release|Any CPU.ActiveCfg = Release|Any CPU
		{07E38CFB-5976-43F1-9F74-70F44E8D2E31}.Release|Any CPU.Build.0 = Release|Any CPU
	EndGlobalSection
	GlobalSection(SolutionProperties) = preSolution
		HideSolutionNode = FALSE
	EndGlobalSection
	GlobalSection(ExtensibilityGlobals) = postSolution
		SolutionGuid = {77F6AC06-13DC-4253-9F9F-CF87C395B593}
	EndGlobalSection
EndGlobal
