
Microsoft Visual Studio Solution File, Format Version 12.00
# Visual Studio Version 16
VisualStudioVersion = 16.0.31702.278
MinimumVisualStudioVersion = 10.0.40219.1
Project("{FAE04EC0-301F-11D3-BF4B-00C04F79EFBC}") = "FuncionesAdicionales16", "FuncionesAdicionales16.csproj", "{AED058B8-369F-4AC7-A646-6B918F83B081}"
EndProject
Global
	GlobalSection(SolutionConfigurationPlatforms) = preSolution
		Debug|Any CPU = Debug|Any CPU
		Release|Any CPU = Release|Any CPU
	EndGlobalSection
	GlobalSection(ProjectConfigurationPlatforms) = postSolution
		{AED058B8-369F-4AC7-A646-6B918F83B081}.Debug|Any CPU.ActiveCfg = Debug|Any CPU
		{AED058B8-369F-4AC7-A646-6B918F83B081}.Debug|Any CPU.Build.0 = Debug|Any CPU
		{AED058B8-369F-4AC7-A646-6B918F83B081}.Release|Any CPU.ActiveCfg = Release|Any CPU
		{AED058B8-369F-4AC7-A646-6B918F83B081}.Release|Any CPU.Build.0 = Release|Any CPU
	EndGlobalSection
	GlobalSection(SolutionProperties) = preSolution
		HideSolutionNode = FALSE
	EndGlobalSection
	GlobalSection(ExtensibilityGlobals) = postSolution
		SolutionGuid = {2F1F6D68-A56D-4737-8F14-4909BED1F964}
	EndGlobalSection
EndGlobal
