
Microsoft Visual Studio Solution File, Format Version 12.00
# Visual Studio Version 16
VisualStudioVersion = 16.0.31702.278
MinimumVisualStudioVersion = 10.0.40219.1
Project("{FAE04EC0-301F-11D3-BF4B-00C04F79EFBC}") = "MultidimensionalesAdiciones", "MultidimensionalesAdiciones.csproj", "{869C8F9F-F61E-4D42-966E-7C9FC09B8FBD}"
EndProject
Global
	GlobalSection(SolutionConfigurationPlatforms) = preSolution
		Debug|Any CPU = Debug|Any CPU
		Release|Any CPU = Release|Any CPU
	EndGlobalSection
	GlobalSection(ProjectConfigurationPlatforms) = postSolution
		{869C8F9F-F61E-4D42-966E-7C9FC09B8FBD}.Debug|Any CPU.ActiveCfg = Debug|Any CPU
		{869C8F9F-F61E-4D42-966E-7C9FC09B8FBD}.Debug|Any CPU.Build.0 = Debug|Any CPU
		{869C8F9F-F61E-4D42-966E-7C9FC09B8FBD}.Release|Any CPU.ActiveCfg = Release|Any CPU
		{869C8F9F-F61E-4D42-966E-7C9FC09B8FBD}.Release|Any CPU.Build.0 = Release|Any CPU
	EndGlobalSection
	GlobalSection(SolutionProperties) = preSolution
		HideSolutionNode = FALSE
	EndGlobalSection
	GlobalSection(ExtensibilityGlobals) = postSolution
		SolutionGuid = {BEF4CC3A-E782-40DF-9600-255DFA61F997}
	EndGlobalSection
EndGlobal
