
Microsoft Visual Studio Solution File, Format Version 12.00
# Visual Studio Version 16
VisualStudioVersion = 16.0.31702.278
MinimumVisualStudioVersion = 10.0.40219.1
Project("{FAE04EC0-301F-11D3-BF4B-00C04F79EFBC}") = "FuncionesAdicionales11", "FuncionesAdicionales11.csproj", "{15BB08C6-DB7E-487C-A435-11EF8B69CCF4}"
EndProject
Global
	GlobalSection(SolutionConfigurationPlatforms) = preSolution
		Debug|Any CPU = Debug|Any CPU
		Release|Any CPU = Release|Any CPU
	EndGlobalSection
	GlobalSection(ProjectConfigurationPlatforms) = postSolution
		{15BB08C6-DB7E-487C-A435-11EF8B69CCF4}.Debug|Any CPU.ActiveCfg = Debug|Any CPU
		{15BB08C6-DB7E-487C-A435-11EF8B69CCF4}.Debug|Any CPU.Build.0 = Debug|Any CPU
		{15BB08C6-DB7E-487C-A435-11EF8B69CCF4}.Release|Any CPU.ActiveCfg = Release|Any CPU
		{15BB08C6-DB7E-487C-A435-11EF8B69CCF4}.Release|Any CPU.Build.0 = Release|Any CPU
	EndGlobalSection
	GlobalSection(SolutionProperties) = preSolution
		HideSolutionNode = FALSE
	EndGlobalSection
	GlobalSection(ExtensibilityGlobals) = postSolution
		SolutionGuid = {BD61119E-A62B-47A2-95FD-695C7B69DABD}
	EndGlobalSection
EndGlobal
